<?xml version="1.0" encoding="utf-8"?>
<Project ToolsVersion="4.0" xmlns="http://schemas.microsoft.com/developer/msbuild/2003">
  <ItemGroup>
    <Filter Include="소스 파일">
      <UniqueIdentifier>{4FC737F1-C7A5-4376-A066-2A32D752A2FF}</UniqueIdentifier>
      <Extensions>cpp;c;cc;cxx;c++;cppm;ixx;def;odl;idl;hpj;bat;asm;asmx</Extensions>
    </Filter>
    <Filter Include="헤더 파일">
      <UniqueIdentifier>{93995380-89BD-4b04-88EB-625FBE52EBFB}</UniqueIdentifier>
      <Extensions>h;hh;hpp;hxx;h++;hm;inl;inc;ipp;xsd</Extensions>
    </Filter>
    <Filter Include="리소스 파일">
      <UniqueIdentifier>{67DA6AB6-F800-4c08-8B7A-83BB121AAD01}</UniqueIdentifier>
      <Extensions>rc;ico;cur;bmp;dlg;rc2;rct;bin;rgs;gif;jpg;jpeg;jpe;resx;tiff;tif;png;wav;mfcribbon-ms</Extensions>
    </Filter>
  </ItemGroup>
  <ItemGroup>
    <ClCompile Include="programmers_step_1.cpp">
      <Filter>소스 파일</Filter>
    </ClCompile>
    <ClCompile Include="baekjoon_step_1_01.cpp">
      <Filter>소스 파일</Filter>
    </ClCompile>
    <ClCompile Include="baekjoon_step_1_02.cpp">
      <Filter>소스 파일</Filter>
    </ClCompile>
    <ClCompile Include="baekjoon_step_1_03.cpp">
      <Filter>소스 파일</Filter>
    </ClCompile>
    <ClCompile Include="baekjoon_step_1_04.cpp">
      <Filter>소스 파일</Filter>
    </ClCompile>
    <ClCompile Include="baekjoon_step_1_05.cpp">
      <Filter>소스 파일</Filter>
    </ClCompile>
    <ClCompile Include="baekjoon_step_1_06.cpp">
      <Filter>소스 파일</Filter>
    </ClCompile>
    <ClCompile Include="baekjoon_step_1_07.cpp">
      <Filter>소스 파일</Filter>
    </ClCompile>
    <ClCompile Include="baekjoon_step_1_08.cpp">
      <Filter>소스 파일</Filter>
    </ClCompile>
    <ClCompile Include="baekjoon_step_1_09.cpp">
      <Filter>소스 파일</Filter>
    </ClCompile>
    <ClCompile Include="baekjoon_step_1_10.cpp">
      <Filter>소스 파일</Filter>
    </ClCompile>
    <ClCompile Include="baekjoon_step_1_11.cpp">
      <Filter>소스 파일</Filter>
    </ClCompile>
    <ClCompile Include="baekjoon_step_2_01.cpp">
      <Filter>소스 파일</Filter>
    </ClCompile>
    <ClCompile Include="baekjoon_step_2_02.cpp">
      <Filter>소스 파일</Filter>
    </ClCompile>
    <ClCompile Include="baekjoon_step_2_03.cpp">
      <Filter>소스 파일</Filter>
    </ClCompile>
    <ClCompile Include="baekjoon_step_2_04.cpp">
      <Filter>소스 파일</Filter>
    </ClCompile>
    <ClCompile Include="baekjoon_step_2_05.cpp">
      <Filter>소스 파일</Filter>
    </ClCompile>
    <ClCompile Include="kkk.cpp">
      <Filter>소스 파일</Filter>
    </ClCompile>
    <ClCompile Include="baekjoon_step_3_01.cpp">
      <Filter>소스 파일</Filter>
    </ClCompile>
    <ClCompile Include="baekjoon_step_3_02.cpp">
      <Filter>소스 파일</Filter>
    </ClCompile>
    <ClCompile Include="baekjoon_step_4_01.cpp">
      <Filter>소스 파일</Filter>
    </ClCompile>
    <ClCompile Include="baekjoon_step_4_02.cpp">
      <Filter>소스 파일</Filter>
    </ClCompile>
    <ClCompile Include="baekjoon_step_4_03.cpp">
      <Filter>소스 파일</Filter>
    </ClCompile>
    <ClCompile Include="baekjoon_step_4_04.cpp">
      <Filter>소스 파일</Filter>
    </ClCompile>
    <ClCompile Include="baekjoon_step_4_05.cpp">
      <Filter>소스 파일</Filter>
    </ClCompile>
    <ClCompile Include="baekjoon_step_4_06.cpp">
      <Filter>소스 파일</Filter>
    </ClCompile>
    <ClCompile Include="baekjoon_step_4_07.cpp">
      <Filter>소스 파일</Filter>
    </ClCompile>
    <ClCompile Include="baekjoon_step_4_08.cpp">
      <Filter>소스 파일</Filter>
    </ClCompile>
    <ClCompile Include="baekjoon_step_4_09.cpp">
      <Filter>소스 파일</Filter>
    </ClCompile>
    <ClCompile Include="baekjoon_step_4_10.cpp">
      <Filter>소스 파일</Filter>
    </ClCompile>
    <ClCompile Include="baekjoon_step_4_11.cpp">
      <Filter>소스 파일</Filter>
    </ClCompile>
    <ClCompile Include="baekjoon_step_4_12.cpp">
      <Filter>소스 파일</Filter>
    </ClCompile>
    <ClCompile Include="baekjoon_step_4_13.cpp">
      <Filter>소스 파일</Filter>
    </ClCompile>
    <ClCompile Include="baekjoon_step_4_14.cpp">
      <Filter>소스 파일</Filter>
    </ClCompile>
    <ClCompile Include="baekjoon_step_5_01.cpp">
      <Filter>소스 파일</Filter>
    </ClCompile>
    <ClCompile Include="baekjoon_step_5_02.cpp">
      <Filter>소스 파일</Filter>
    </ClCompile>
    <ClCompile Include="baekjoon_step_5_03.cpp">
      <Filter>소스 파일</Filter>
    </ClCompile>
    <ClCompile Include="baekjoon_step_5_04.cpp">
      <Filter>소스 파일</Filter>
    </ClCompile>
    <ClCompile Include="baekjoon_step_5_05.cpp">
      <Filter>소스 파일</Filter>
    </ClCompile>
    <ClCompile Include="baekjoon_step_5_06.cpp">
      <Filter>소스 파일</Filter>
    </ClCompile>
    <ClCompile Include="baekjoon_step_5_07.cpp">
      <Filter>소스 파일</Filter>
    </ClCompile>
    <ClCompile Include="baekjoon_step_5_08.cpp">
      <Filter>소스 파일</Filter>
    </ClCompile>
    <ClCompile Include="baekjoon_step_5_09.cpp">
      <Filter>소스 파일</Filter>
    </ClCompile>
    <ClCompile Include="baekjoon_step_5_10.cpp">
      <Filter>소스 파일</Filter>
    </ClCompile>
    <ClCompile Include="baekjoon_step_6_01.cpp">
      <Filter>소스 파일</Filter>
    </ClCompile>
    <ClCompile Include="baekjoon_step_6_02.cpp">
      <Filter>소스 파일</Filter>
    </ClCompile>
    <ClCompile Include="baekjoon_step_6_03.cpp">
      <Filter>소스 파일</Filter>
    </ClCompile>
    <ClCompile Include="baekjoon_step_6_04.cpp">
      <Filter>소스 파일</Filter>
    </ClCompile>
    <ClCompile Include="baekjoon_step_6_05.cpp">
      <Filter>소스 파일</Filter>
    </ClCompile>
    <ClCompile Include="baekjoon_step_6_06.cpp">
      <Filter>소스 파일</Filter>
    </ClCompile>
    <ClCompile Include="baekjoon_step_6_07.cpp">
      <Filter>소스 파일</Filter>
    </ClCompile>
    <ClCompile Include="baekjoon_step_6_08.cpp">
      <Filter>소스 파일</Filter>
    </ClCompile>
    <ClCompile Include="baekjoon_step_6_09.cpp">
      <Filter>소스 파일</Filter>
    </ClCompile>
    <ClCompile Include="baekjoon_step_6_10.cpp">
      <Filter>소스 파일</Filter>
    </ClCompile>
    <ClCompile Include="baekjoon_step_6_11.cpp">
      <Filter>소스 파일</Filter>
    </ClCompile>
    <ClCompile Include="baekjoon_step_6_12.cpp">
      <Filter>소스 파일</Filter>
    </ClCompile>
    <ClCompile Include="baekjoon_step_6_13.cpp">
      <Filter>소스 파일</Filter>
    </ClCompile>
    <ClCompile Include="baekjoon_step_6_14.cpp">
      <Filter>소스 파일</Filter>
    </ClCompile>
    <ClCompile Include="baekjoon_step_7_01.cpp">
      <Filter>소스 파일</Filter>
    </ClCompile>
    <ClCompile Include="baekjoon_step_7_02.cpp">
      <Filter>소스 파일</Filter>
    </ClCompile>
    <ClCompile Include="baekjoon_step_7_03.cpp">
      <Filter>소스 파일</Filter>
    </ClCompile>
    <ClCompile Include="baekjoon_step_7_04.cpp">
      <Filter>소스 파일</Filter>
    </ClCompile>
    <ClCompile Include="baekjoon_step_7_05.cpp">
      <Filter>소스 파일</Filter>
    </ClCompile>
    <ClCompile Include="baekjoon_step_7_06.cpp">
      <Filter>소스 파일</Filter>
    </ClCompile>
    <ClCompile Include="baekjoon_step_7_08.cpp">
      <Filter>소스 파일</Filter>
    </ClCompile>
    <ClCompile Include="baekjoon_step_7_09.cpp">
      <Filter>소스 파일</Filter>
    </ClCompile>
    <ClCompile Include="baekjoon_step_7_10.cpp">
      <Filter>소스 파일</Filter>
    </ClCompile>
    <ClCompile Include="baekjoon_step_7_11.cpp">
      <Filter>소스 파일</Filter>
    </ClCompile>
    <ClCompile Include="baekjoon_step_8_01.cpp">
      <Filter>소스 파일</Filter>
    </ClCompile>
    <ClCompile Include="baekjoon_step_8_02.cpp">
      <Filter>소스 파일</Filter>
    </ClCompile>
    <ClCompile Include="baekjoon_step_8_03.cpp">
      <Filter>소스 파일</Filter>
    </ClCompile>
    <ClCompile Include="baekjoon_step_8_04.cpp">
      <Filter>소스 파일</Filter>
    </ClCompile>
    <ClCompile Include="baekjoon_step_9_01.cpp">
      <Filter>소스 파일</Filter>
    </ClCompile>
    <ClCompile Include="baekjoon_step_9_02.cpp">
      <Filter>소스 파일</Filter>
    </ClCompile>
    <ClCompile Include="baekjoon_step_9_03.cpp">
      <Filter>소스 파일</Filter>
    </ClCompile>
    <ClCompile Include="baekjoon_step_9_04.cpp">
      <Filter>소스 파일</Filter>
    </ClCompile>
    <ClCompile Include="baekjoon_step_9_05.cpp">
      <Filter>소스 파일</Filter>
    </ClCompile>
    <ClCompile Include="baekjoon_step_9_06.cpp">
      <Filter>소스 파일</Filter>
    </ClCompile>
    <ClCompile Include="baekjoon_step_9_08.cpp">
      <Filter>소스 파일</Filter>
    </ClCompile>
    <ClCompile Include="baekjoon_step_9_09.cpp">
      <Filter>소스 파일</Filter>
    </ClCompile>
    <ClCompile Include="baekjoon_step_9_07.cpp">
      <Filter>소스 파일</Filter>
    </ClCompile>
    <ClCompile Include="baekjoon_step_9_10.cpp">
      <Filter>소스 파일</Filter>
    </ClCompile>
    <ClCompile Include="baekjoon_step_9_11.cpp">
      <Filter>소스 파일</Filter>
    </ClCompile>
    <ClCompile Include="baekjoon_step_9_12.cpp">
      <Filter>소스 파일</Filter>
    </ClCompile>
    <ClCompile Include="baekjoon_step_9_13.cpp">
      <Filter>소스 파일</Filter>
    </ClCompile>
    <ClCompile Include="baekjoon_step_10_01.cpp">
      <Filter>소스 파일</Filter>
    </ClCompile>
    <ClCompile Include="baekjoon_step_10_02.cpp">
      <Filter>소스 파일</Filter>
    </ClCompile>
    <ClCompile Include="baekjoon_step_10_03.cpp">
      <Filter>소스 파일</Filter>
    </ClCompile>
    <ClCompile Include="baekjoon_step_10_04.cpp">
      <Filter>소스 파일</Filter>
    </ClCompile>
    <ClCompile Include="baekjoon_step_11_01.cpp">
      <Filter>소스 파일</Filter>
    </ClCompile>
    <ClCompile Include="baekjoon_step_11_02.cpp">
      <Filter>소스 파일</Filter>
    </ClCompile>
    <ClCompile Include="baekjoon_step_11_03.cpp">
      <Filter>소스 파일</Filter>
    </ClCompile>
    <ClCompile Include="baekjoon_important_01_01.cpp">
      <Filter>소스 파일</Filter>
    </ClCompile>
    <ClCompile Include="baekjoon_important_01_02.cpp">
      <Filter>소스 파일</Filter>
    </ClCompile>
    <ClCompile Include="baekjoon_important_01_03.cpp">
      <Filter>소스 파일</Filter>
    </ClCompile>
    <ClCompile Include="0001_4673.cpp">
      <Filter>소스 파일</Filter>
    </ClCompile>
    <ClCompile Include="0002_1978.cpp">
      <Filter>소스 파일</Filter>
    </ClCompile>
    <ClCompile Include="0003_1929.cpp">
      <Filter>소스 파일</Filter>
    </ClCompile>
    <ClCompile Include="0005_1929.cpp">
      <Filter>소스 파일</Filter>
    </ClCompile>
    <ClCompile Include="0004_1929.cpp">
      <Filter>소스 파일</Filter>
    </ClCompile>
    <ClCompile Include="0006_2609.cpp">
      <Filter>소스 파일</Filter>
    </ClCompile>
    <ClCompile Include="0007_2581.cpp">
      <Filter>소스 파일</Filter>
    </ClCompile>
    <ClCompile Include="0008_9461.cpp">
      <Filter>소스 파일</Filter>
    </ClCompile>
    <ClCompile Include="0009_1934.cpp">
      <Filter>소스 파일</Filter>
    </ClCompile>
    <ClCompile Include="0010_4948.cpp">
      <Filter>소스 파일</Filter>
    </ClCompile>
    <ClCompile Include="0011_1011.cpp">
      <Filter>소스 파일</Filter>
    </ClCompile>
    <ClCompile Include="0012_1026.cpp">
      <Filter>소스 파일</Filter>
    </ClCompile>
    <ClCompile Include="0013_11653.cpp">
      <Filter>소스 파일</Filter>
    </ClCompile>
    <ClCompile Include="0014_6603.cpp">
      <Filter>소스 파일</Filter>
    </ClCompile>
    <ClCompile Include="0015_1037.cpp">
      <Filter>소스 파일</Filter>
    </ClCompile>
    <ClCompile Include="0016_9020.cpp">
      <Filter>소스 파일</Filter>
    </ClCompile>
    <ClCompile Include="0017_1476.cpp">
      <Filter>소스 파일</Filter>
    </ClCompile>
    <ClCompile Include="0018_1541.cpp">
      <Filter>소스 파일</Filter>
    </ClCompile>
    <ClCompile Include="unusedLibraryQueue.cpp">
      <Filter>소스 파일</Filter>
    </ClCompile>
    <ClCompile Include="0019_1676.cpp">
      <Filter>소스 파일</Filter>
    </ClCompile>
    <ClCompile Include="0020_2217.cpp">
      <Filter>소스 파일</Filter>
    </ClCompile>
    <ClCompile Include="0021_1699.cpp">
      <Filter>소스 파일</Filter>
    </ClCompile>
    <ClCompile Include="0022_1699.cpp">
      <Filter>소스 파일</Filter>
    </ClCompile>
    <ClCompile Include="0023_11051.cpp">
      <Filter>소스 파일</Filter>
    </ClCompile>
    <ClCompile Include="0024_1629.cpp">
      <Filter>소스 파일</Filter>
    </ClCompile>
    <ClCompile Include="0025_6588.cpp">
      <Filter>소스 파일</Filter>
    </ClCompile>
    <ClCompile Include="0026_1932.cpp">
      <Filter>소스 파일</Filter>
    </ClCompile>
    <ClCompile Include="0027_1003.cpp">
      <Filter>소스 파일</Filter>
    </ClCompile>
    <ClCompile Include="0028_1003.cpp">
      <Filter>소스 파일</Filter>
    </ClCompile>
    <ClCompile Include="0029_6064.cpp">
      <Filter>소스 파일</Filter>
    </ClCompile>
    <ClCompile Include="0030_10610.cpp">
      <Filter>소스 파일</Filter>
    </ClCompile>
    <ClCompile Include="0031_2960.cpp">
      <Filter>소스 파일</Filter>
    </ClCompile>
    <ClCompile Include="0032_9613.cpp">
      <Filter>소스 파일</Filter>
    </ClCompile>
    <ClCompile Include="0033_1057.cpp">
      <Filter>소스 파일</Filter>
    </ClCompile>
    <ClCompile Include="0034_1057.cpp">
      <Filter>소스 파일</Filter>
    </ClCompile>
    <ClCompile Include="0035_2004.cpp">
      <Filter>소스 파일</Filter>
    </ClCompile>
    <ClCompile Include="0036_1292.cpp">
      <Filter>소스 파일</Filter>
    </ClCompile>
    <ClCompile Include="0037_1292.cpp">
      <Filter>소스 파일</Filter>
    </ClCompile>
    <ClCompile Include="0038_1789.cpp">
      <Filter>소스 파일</Filter>
    </ClCompile>
    <ClCompile Include="0039_10972.cpp">
      <Filter>소스 파일</Filter>
    </ClCompile>
    <ClCompile Include="0040_9655.cpp">
      <Filter>소스 파일</Filter>
    </ClCompile>
    <ClCompile Include="0041_1644.cpp">
      <Filter>소스 파일</Filter>
    </ClCompile>
    <ClCompile Include="0042_3036.cpp">
      <Filter>소스 파일</Filter>
    </ClCompile>
    <ClCompile Include="0043_1735.cpp">
      <Filter>소스 파일</Filter>
    </ClCompile>
    <ClCompile Include="0044_1748.cpp">
      <Filter>소스 파일</Filter>
    </ClCompile>
    <ClCompile Include="0045_2740.cpp">
      <Filter>소스 파일</Filter>
    </ClCompile>
    <ClCompile Include="0046_1963.cpp">
      <Filter>소스 파일</Filter>
    </ClCompile>
    <ClCompile Include="0047_2407.cpp">
      <Filter>소스 파일</Filter>
    </ClCompile>
    <ClCompile Include="0048_2407.cpp">
      <Filter>소스 파일</Filter>
    </ClCompile>
    <ClCompile Include="0049_4796.cpp">
      <Filter>소스 파일</Filter>
    </ClCompile>
    <ClCompile Include="0050_17608.cpp">
      <Filter>소스 파일</Filter>
    </ClCompile>
    <ClCompile Include="0051_1717.cpp">
      <Filter>소스 파일</Filter>
    </ClCompile>
    <ClCompile Include="0052_stack.cpp">
      <Filter>소스 파일</Filter>
    </ClCompile>
    <ClCompile Include="0053_dequeue.cpp">
      <Filter>소스 파일</Filter>
    </ClCompile>
    <ClCompile Include="0054_1049.cpp">
      <Filter>소스 파일</Filter>
    </ClCompile>
    <ClCompile Include="0055_1850.cpp">
      <Filter>소스 파일</Filter>
    </ClCompile>
    <ClCompile Include="0056_2485.cpp">
      <Filter>소스 파일</Filter>
    </ClCompile>
    <ClCompile Include="0057_1059.cpp">
      <Filter>소스 파일</Filter>
    </ClCompile>
    <ClCompile Include="0058_6603.cpp">
      <Filter>소스 파일</Filter>
    </ClCompile>
    <ClCompile Include="0059_1110.cpp">
      <Filter>소스 파일</Filter>
    </ClCompile>
    <ClCompile Include="0060_2577.cpp">
      <Filter>소스 파일</Filter>
    </ClCompile>
    <ClCompile Include="0061_11720.cpp">
      <Filter>소스 파일</Filter>
    </ClCompile>
    <ClCompile Include="0062_2839.cpp">
      <Filter>소스 파일</Filter>
    </ClCompile>
    <ClCompile Include="0063_1546.cpp">
      <Filter>소스 파일</Filter>
    </ClCompile>
    <ClCompile Include="0064_4344.cpp">
      <Filter>소스 파일</Filter>
    </ClCompile>
    <ClCompile Include="0065_3052.cpp">
      <Filter>소스 파일</Filter>
    </ClCompile>
    <ClCompile Include="0066_2292.cpp">
      <Filter>소스 파일</Filter>
    </ClCompile>
    <ClCompile Include="0067_10870.cpp">
      <Filter>소스 파일</Filter>
    </ClCompile>
    <ClCompile Include="0068_15596.cpp">
      <Filter>소스 파일</Filter>
    </ClCompile>
    <ClCompile Include="0069_2869.cpp">
      <Filter>소스 파일</Filter>
    </ClCompile>
    <ClCompile Include="0070_1193.cpp">
      <Filter>소스 파일</Filter>
    </ClCompile>
    <ClCompile Include="0071_2775.cpp">
      <Filter>소스 파일</Filter>
    </ClCompile>
    <ClCompile Include="0072_2748.cpp">
      <Filter>소스 파일</Filter>
    </ClCompile>
    <ClCompile Include="0073_2581.cpp">
      <Filter>소스 파일</Filter>
    </ClCompile>
    <ClCompile Include="0074_9461.cpp">
      <Filter>소스 파일</Filter>
    </ClCompile>
    <ClCompile Include="0075_10953.cpp">
      <Filter>소스 파일</Filter>
    </ClCompile>
    <ClCompile Include="0076_1934.cpp">
      <Filter>소스 파일</Filter>
    </ClCompile>
    <ClCompile Include="0077_4948.cpp">
      <Filter>소스 파일</Filter>
    </ClCompile>
    <ClCompile Include="0078_1010.cpp">
      <Filter>소스 파일</Filter>
    </ClCompile>
    <ClCompile Include="0079_11050.cpp">
      <Filter>소스 파일</Filter>
    </ClCompile>
    <ClCompile Include="0080_13458.cpp">
      <Filter>소스 파일</Filter>
    </ClCompile>
    <ClCompile Include="0081_9715.cpp">
      <Filter>소스 파일</Filter>
    </ClCompile>
    <ClCompile Include="0082_2562.cpp">
      <Filter>소스 파일</Filter>
    </ClCompile>
    <ClCompile Include="0083_1152.cpp">
      <Filter>소스 파일</Filter>
    </ClCompile>
    <ClCompile Include="0084_10809.cpp">
      <Filter>소스 파일</Filter>
    </ClCompile>
    <ClCompile Include="0085_2675.cpp">
      <Filter>소스 파일</Filter>
    </ClCompile>
    <ClCompile Include="0086_2750.cpp">
      <Filter>소스 파일</Filter>
    </ClCompile>
    <ClCompile Include="0087_1065.cpp">
      <Filter>소스 파일</Filter>
    </ClCompile>
    <ClCompile Include="0088_2908.cpp">
      <Filter>소스 파일</Filter>
    </ClCompile>
    <ClCompile Include="0089_10828.cpp">
      <Filter>소스 파일</Filter>
    </ClCompile>
    <ClCompile Include="0090_1924.cpp">
      <Filter>소스 파일</Filter>
    </ClCompile>
    <ClCompile Include="0091_9012.cpp">
      <Filter>소스 파일</Filter>
    </ClCompile>
    <ClCompile Include="0092_5622.cpp">
      <Filter>소스 파일</Filter>
    </ClCompile>
    <ClCompile Include="0093_1316.cpp">
      <Filter>소스 파일</Filter>
    </ClCompile>
    <ClCompile Include="0094_11721.cpp">
      <Filter>소스 파일</Filter>
    </ClCompile>
    <ClCompile Include="0095_2920.cpp">
      <Filter>소스 파일</Filter>
    </ClCompile>
    <ClCompile Include="0096_2798.cpp">
      <Filter>소스 파일</Filter>
    </ClCompile>
    <ClCompile Include="0097_2231.cpp">
      <Filter>소스 파일</Filter>
    </ClCompile>
    <ClCompile Include="0098_2309.cpp">
      <Filter>소스 파일</Filter>
    </ClCompile>
    <ClCompile Include="0099_1920.cpp">
      <Filter>소스 파일</Filter>
    </ClCompile>
    <ClCompile Include="0100_7568.cpp">
      <Filter>소스 파일</Filter>
    </ClCompile>
    <ClCompile Include="0101_11650.cpp">
      <Filter>소스 파일</Filter>
    </ClCompile>
    <ClCompile Include="0102_1018.cpp">
      <Filter>소스 파일</Filter>
    </ClCompile>
    <ClCompile Include="0103_1436.cpp">
      <Filter>소스 파일</Filter>
    </ClCompile>
    <ClCompile Include="0104_1475.cpp">
      <Filter>소스 파일</Filter>
    </ClCompile>
    <ClCompile Include="0105_5585.cpp">
      <Filter>소스 파일</Filter>
    </ClCompile>
    <ClCompile Include="0106_1100.cpp">
      <Filter>소스 파일</Filter>
    </ClCompile>
    <ClCompile Include="0107_2902.cpp">
      <Filter>소스 파일</Filter>
    </ClCompile>
    <ClCompile Include="0108_1032.cpp">
      <Filter>소스 파일</Filter>
    </ClCompile>
    <ClCompile Include="0109_1977.cpp">
      <Filter>소스 파일</Filter>
    </ClCompile>
    <ClCompile Include="0110_10988.cpp">
      <Filter>소스 파일</Filter>
    </ClCompile>
    <ClCompile Include="0111_1259.cpp">
      <Filter>소스 파일</Filter>
    </ClCompile>
    <ClCompile Include="0112_7567.cpp">
      <Filter>소스 파일</Filter>
    </ClCompile>
    <ClCompile Include="0113_5597.cpp">
      <Filter>소스 파일</Filter>
    </ClCompile>
    <ClCompile Include="0114_6359.cpp">
      <Filter>소스 파일</Filter>
    </ClCompile>
    <ClCompile Include="0115_13305.cpp">
      <Filter>소스 파일</Filter>
    </ClCompile>
    <ClCompile Include="0116_10448.cpp">
      <Filter>소스 파일</Filter>
    </ClCompile>
    <ClCompile Include="0117_2864.cpp">
      <Filter>소스 파일</Filter>
    </ClCompile>
    <ClCompile Include="0118_2846.cpp">
      <Filter>소스 파일</Filter>
    </ClCompile>
    <ClCompile Include="0119_2592.cpp">
      <Filter>소스 파일</Filter>
    </ClCompile>
    <ClCompile Include="0120_1453.cpp">
      <Filter>소스 파일</Filter>
    </ClCompile>
    <ClCompile Include="0121_5988.cpp">
      <Filter>소스 파일</Filter>
    </ClCompile>
    <ClCompile Include="0122_2789.cpp">
      <Filter>소스 파일</Filter>
    </ClCompile>
    <ClCompile Include="0123_9625.cpp">
      <Filter>소스 파일</Filter>
    </ClCompile>
    <ClCompile Include="0124_2851.cpp">
      <Filter>소스 파일</Filter>
    </ClCompile>
    <ClCompile Include="0125_boj_competition_4.cpp">
      <Filter>소스 파일</Filter>
    </ClCompile>
    <ClCompile Include="0126_2960.cpp">
      <Filter>소스 파일</Filter>
    </ClCompile>
    <ClCompile Include="0127_1357.cpp">
      <Filter>소스 파일</Filter>
    </ClCompile>
    <ClCompile Include="0128_1075.cpp">
      <Filter>소스 파일</Filter>
    </ClCompile>
    <ClCompile Include="0129_2822.cpp">
      <Filter>소스 파일</Filter>
    </ClCompile>
    <ClCompile Include="0130_10867.cpp">
      <Filter>소스 파일</Filter>
    </ClCompile>
    <ClCompile Include="0131_1159.cpp">
      <Filter>소스 파일</Filter>
    </ClCompile>
    <ClCompile Include="0132_22113.cpp">
      <Filter>소스 파일</Filter>
    </ClCompile>
    <ClCompile Include="0133_11949.cpp">
      <Filter>소스 파일</Filter>
    </ClCompile>
    <ClCompile Include="0134_2756.cpp">
      <Filter>소스 파일</Filter>
    </ClCompile>
    <ClCompile Include="0135_13223.cpp">
      <Filter>소스 파일</Filter>
    </ClCompile>
    <ClCompile Include="0136_13223.cpp">
      <Filter>소스 파일</Filter>
    </ClCompile>
    <ClCompile Include="0137_20363.cpp">
      <Filter>소스 파일</Filter>
    </ClCompile>
    <ClCompile Include="0138_2546.cpp">
      <Filter>소스 파일</Filter>
    </ClCompile>
    <ClCompile Include="0139_10093.cpp">
      <Filter>소스 파일</Filter>
    </ClCompile>
    <ClCompile Include="0140_11866.cpp">
      <Filter>소스 파일</Filter>
    </ClCompile>
    <ClCompile Include="0141_10610.cpp">
      <Filter>소스 파일</Filter>
    </ClCompile>
    <ClCompile Include="0142_8979.cpp">
      <Filter>소스 파일</Filter>
    </ClCompile>
    <ClCompile Include="0143_1302.cpp">
      <Filter>소스 파일</Filter>
    </ClCompile>
    <ClCompile Include="0144_9506.cpp">
      <Filter>소스 파일</Filter>
    </ClCompile>
    <ClCompile Include="0145_5576.cpp">
      <Filter>소스 파일</Filter>
    </ClCompile>
    <ClCompile Include="0146_1225.cpp">
      <Filter>소스 파일</Filter>
    </ClCompile>
    <ClCompile Include="0147_10807.cpp">
      <Filter>소스 파일</Filter>
    </ClCompile>
    <ClCompile Include="0148_2161.cpp">
      <Filter>소스 파일</Filter>
    </ClCompile>
    <ClCompile Include="0149_2587.cpp">
      <Filter>소스 파일</Filter>
    </ClCompile>
    <ClCompile Include="0150_2605.cpp">
      <Filter>소스 파일</Filter>
    </ClCompile>
    <ClCompile Include="0151_13301.cpp">
      <Filter>소스 파일</Filter>
    </ClCompile>
    <ClCompile Include="0152_10801.cpp">
      <Filter>소스 파일</Filter>
    </ClCompile>
    <ClCompile Include="0153_1834.cpp">
      <Filter>소스 파일</Filter>
    </ClCompile>
    <ClCompile Include="0154_1568.cpp">
      <Filter>소스 파일</Filter>
    </ClCompile>
    <ClCompile Include="0155_2947.cpp">
      <Filter>소스 파일</Filter>
    </ClCompile>
    <ClCompile Include="0156_5032.cpp">
      <Filter>소스 파일</Filter>
    </ClCompile>
    <ClCompile Include="0157_2526.cpp">
      <Filter>소스 파일</Filter>
    </ClCompile>
    <ClCompile Include="0158_11945.cpp">
      <Filter>소스 파일</Filter>
    </ClCompile>
    <ClCompile Include="0159_10158.cpp">
      <Filter>소스 파일</Filter>
    </ClCompile>
    <ClCompile Include="0160_1145.cpp">
      <Filter>소스 파일</Filter>
    </ClCompile>
    <ClCompile Include="0161_1434.cpp">
      <Filter>소스 파일</Filter>
    </ClCompile>
    <ClCompile Include="0162_1246.cpp">
      <Filter>소스 파일</Filter>
    </ClCompile>
    <ClCompile Include="0163_1331.cpp">
      <Filter>소스 파일</Filter>
    </ClCompile>
    <ClCompile Include="0164_1459.cpp">
      <Filter>소스 파일</Filter>
    </ClCompile>
    <ClCompile Include="0165_10813.cpp">
      <Filter>소스 파일</Filter>
    </ClCompile>
    <ClCompile Include="0166_2702.cpp">
      <Filter>소스 파일</Filter>
    </ClCompile>
    <ClCompile Include="0167_2495.cpp">
      <Filter>소스 파일</Filter>
    </ClCompile>
    <ClCompile Include="0168_9076.cpp">
      <Filter>소스 파일</Filter>
    </ClCompile>
    <ClCompile Include="0169_1526.cpp">
      <Filter>소스 파일</Filter>
    </ClCompile>
    <ClCompile Include="0170_3062.cpp">
      <Filter>소스 파일</Filter>
    </ClCompile>
    <ClCompile Include="0171_5800.cpp">
      <Filter>소스 파일</Filter>
    </ClCompile>
    <ClCompile Include="0172_5800.cpp">
      <Filter>소스 파일</Filter>
    </ClCompile>
    <ClCompile Include="0173_1236.cpp">
      <Filter>소스 파일</Filter>
    </ClCompile>
    <ClCompile Include="0174_14916.cpp">
      <Filter>소스 파일</Filter>
    </ClCompile>
    <ClCompile Include="0175_5635.cpp">
      <Filter>소스 파일</Filter>
    </ClCompile>
    <ClCompile Include="0176_1350.cpp">
      <Filter>소스 파일</Filter>
    </ClCompile>
    <ClCompile Include="0177_2774.cpp">
      <Filter>소스 파일</Filter>
    </ClCompile>
    <ClCompile Include="0178_5533.cpp">
      <Filter>소스 파일</Filter>
    </ClCompile>
    <ClCompile Include="0179_14659.cpp">
      <Filter>소스 파일</Filter>
    </ClCompile>
    <ClCompile Include="0180_2979.cpp">
      <Filter>소스 파일</Filter>
    </ClCompile>
    <ClCompile Include="0181_16395.cpp">
      <Filter>소스 파일</Filter>
    </ClCompile>
    <ClCompile Include="0182_10811.cpp">
      <Filter>소스 파일</Filter>
    </ClCompile>
    <ClCompile Include="0182_ 2828.cpp">
      <Filter>소스 파일</Filter>
    </ClCompile>
    <ClCompile Include="0183_19532.cpp">
      <Filter>소스 파일</Filter>
    </ClCompile>
    <ClCompile Include="0184_17173.cpp">
      <Filter>소스 파일</Filter>
    </ClCompile>
    <ClCompile Include="0185_10874.cpp">
      <Filter>소스 파일</Filter>
    </ClCompile>
    <ClCompile Include="0186_5724.cpp">
      <Filter>소스 파일</Filter>
    </ClCompile>
    <ClCompile Include="0187_5656.cpp">
      <Filter>소스 파일</Filter>
    </ClCompile>
    <ClCompile Include="0188_9546.cpp">
      <Filter>소스 파일</Filter>
    </ClCompile>
    <ClCompile Include="0189_11944.cpp">
      <Filter>소스 파일</Filter>
    </ClCompile>
    <ClCompile Include="0190_1668.cpp">
      <Filter>소스 파일</Filter>
    </ClCompile>
    <ClCompile Include="0191_2484.cpp">
      <Filter>소스 파일</Filter>
    </ClCompile>
    <ClCompile Include="0192_1673.cpp">
      <Filter>소스 파일</Filter>
    </ClCompile>
    <ClCompile Include="0193_3943.cpp">
      <Filter>소스 파일</Filter>
    </ClCompile>
    <ClCompile Include="0194_1592.cpp">
      <Filter>소스 파일</Filter>
    </ClCompile>
    <ClCompile Include="0195_3449.cpp">
      <Filter>소스 파일</Filter>
    </ClCompile>
    <ClCompile Include="0196_1173.cpp">
      <Filter>소스 파일</Filter>
    </ClCompile>
    <ClCompile Include="0197_5789.cpp">
      <Filter>소스 파일</Filter>
    </ClCompile>
    <ClCompile Include="0198_2399.cpp">
      <Filter>소스 파일</Filter>
    </ClCompile>
    <ClCompile Include="0199_14582.cpp">
      <Filter>소스 파일</Filter>
    </ClCompile>
    <ClCompile Include="0200_2160.cpp">
      <Filter>소스 파일</Filter>
    </ClCompile>
    <ClCompile Include="0201_4435.cpp">
      <Filter>소스 파일</Filter>
    </ClCompile>
    <ClCompile Include="0202_14487.cpp">
      <Filter>소스 파일</Filter>
    </ClCompile>
    <ClCompile Include="0203_8394.cpp">
      <Filter>소스 파일</Filter>
    </ClCompile>
    <ClCompile Include="0204_14726.cpp">
      <Filter>소스 파일</Filter>
    </ClCompile>
    <ClCompile Include="0205_8949.cpp">
      <Filter>소스 파일</Filter>
    </ClCompile>
    <ClCompile Include="0206_16435.cpp">
      <Filter>소스 파일</Filter>
    </ClCompile>
    <ClCompile Include="0207_2693.cpp">
      <Filter>소스 파일</Filter>
    </ClCompile>
    <ClCompile Include="0208_14912.cpp">
      <Filter>소스 파일</Filter>
    </ClCompile>
    <ClCompile Include="0209_11170.cpp">
      <Filter>소스 파일</Filter>
    </ClCompile>
    <ClCompile Include="0210_9656.cpp">
      <Filter>소스 파일</Filter>
    </ClCompile>
    <ClCompile Include="0211_14382.cpp">
      <Filter>소스 파일</Filter>
    </ClCompile>
    <ClCompile Include="0212_11971.cpp">
      <Filter>소스 파일</Filter>
    </ClCompile>
    <ClCompile Include="0213_2621.cpp">
      <Filter>소스 파일</Filter>
    </ClCompile>
    <ClCompile Include="0214_1769.cpp">
      <Filter>소스 파일</Filter>
    </ClCompile>
    <ClCompile Include="0215_1463.cpp">
      <Filter>소스 파일</Filter>
    </ClCompile>
    <ClCompile Include="0216_9095.cpp">
      <Filter>소스 파일</Filter>
    </ClCompile>
    <ClCompile Include="0217_1003.cpp">
      <Filter>소스 파일</Filter>
    </ClCompile>
    <ClCompile Include="0218_11726.cpp">
      <Filter>소스 파일</Filter>
    </ClCompile>
    <ClCompile Include="0219_1149.cpp">
      <Filter>소스 파일</Filter>
    </ClCompile>
    <ClCompile Include="0220_2579.cpp">
      <Filter>소스 파일</Filter>
    </ClCompile>
    <ClCompile Include="0221_1912.cpp">
      <Filter>소스 파일</Filter>
    </ClCompile>
    <ClCompile Include="0222_2193.cpp">
      <Filter>소스 파일</Filter>
    </ClCompile>
    <ClCompile Include="0223_2156.cpp">
      <Filter>소스 파일</Filter>
    </ClCompile>
    <ClCompile Include="0224_14501.cpp">
      <Filter>소스 파일</Filter>
    </ClCompile>
    <ClCompile Include="0225_11054.cpp">
      <Filter>소스 파일</Filter>
    </ClCompile>
    <ClCompile Include="0226_2563.cpp">
      <Filter>소스 파일</Filter>
    </ClCompile>
    <ClCompile Include="0227_2669.cpp">
      <Filter>소스 파일</Filter>
    </ClCompile>
    <ClCompile Include="0228_10804.cpp">
      <Filter>소스 파일</Filter>
    </ClCompile>
    <ClCompile Include="0229_10810.cpp">
      <Filter>소스 파일</Filter>
    </ClCompile>
    <ClCompile Include="0230_4631.cpp">
      <Filter>소스 파일</Filter>
    </ClCompile>
    <ClCompile Include="0231_11586.cpp">
      <Filter>소스 파일</Filter>
    </ClCompile>
    <ClCompile Include="0232_18406.cpp">
      <Filter>소스 파일</Filter>
    </ClCompile>
    <ClCompile Include="0233_3985.cpp">
      <Filter>소스 파일</Filter>
    </ClCompile>
    <ClCompile Include="0234_9455.cpp">
      <Filter>소스 파일</Filter>
    </ClCompile>
    <ClCompile Include="0235_9237.cpp">
      <Filter>소스 파일</Filter>
    </ClCompile>
    <ClCompile Include="0236_1181.cpp">
      <Filter>소스 파일</Filter>
    </ClCompile>
    <ClCompile Include="0237_1181.cpp">
      <Filter>소스 파일</Filter>
    </ClCompile>
    <ClCompile Include="0238_2164.cpp">
      <Filter>소스 파일</Filter>
    </ClCompile>
    <ClCompile Include="0239_2751.cpp">
      <Filter>소스 파일</Filter>
    </ClCompile>
    <ClCompile Include="0240_4153.cpp">
      <Filter>소스 파일</Filter>
    </ClCompile>
    <ClCompile Include="0241_10250.cpp">
      <Filter>소스 파일</Filter>
    </ClCompile>
    <ClCompile Include="0242_1085.cpp">
      <Filter>소스 파일</Filter>
    </ClCompile>
    <ClCompile Include="0243_10773.cpp">
      <Filter>소스 파일</Filter>
    </ClCompile>
    <ClCompile Include="0244_9933.cpp">
      <Filter>소스 파일</Filter>
    </ClCompile>
    <ClCompile Include="0245_8595.cpp">
      <Filter>소스 파일</Filter>
    </ClCompile>
    <ClCompile Include="0246_4470.cpp">
      <Filter>소스 파일</Filter>
    </ClCompile>
    <ClCompile Include="0247_1268.cpp">
      <Filter>소스 파일</Filter>
    </ClCompile>
    <ClCompile Include="0248_2033.cpp">
      <Filter>소스 파일</Filter>
    </ClCompile>
    <ClCompile Include="0249_17389.cpp">
      <Filter>소스 파일</Filter>
    </ClCompile>
    <ClCompile Include="0250_2909.cpp">
      <Filter>소스 파일</Filter>
    </ClCompile>
    <ClCompile Include="0251_5347.cpp">
      <Filter>소스 파일</Filter>
    </ClCompile>
    <ClCompile Include="0252_2966.cpp">
      <Filter>소스 파일</Filter>
    </ClCompile>
    <ClCompile Include="0253_10162.cpp">
      <Filter>소스 파일</Filter>
    </ClCompile>
    <ClCompile Include="0254_1946.cpp">
      <Filter>소스 파일</Filter>
    </ClCompile>
    <ClCompile Include="0255_1543.cpp">
      <Filter>소스 파일</Filter>
    </ClCompile>
    <ClCompile Include="0256_2847.cpp">
      <Filter>소스 파일</Filter>
    </ClCompile>
    <ClCompile Include="0257_2720.cpp">
      <Filter>소스 파일</Filter>
    </ClCompile>
    <ClCompile Include="0258_2810.cpp">
      <Filter>소스 파일</Filter>
    </ClCompile>
    <ClCompile Include="0259_11034.cpp">
      <Filter>소스 파일</Filter>
    </ClCompile>
    <ClCompile Include="0260_14655.cpp">
      <Filter>소스 파일</Filter>
    </ClCompile>
    <ClCompile Include="0261_14655.cpp">
      <Filter>소스 파일</Filter>
    </ClCompile>
    <ClCompile Include="0262_11256.cpp">
      <Filter>소스 파일</Filter>
    </ClCompile>
    <ClCompile Include="0263_20300.cpp">
      <Filter>소스 파일</Filter>
    </ClCompile>
    <ClCompile Include="0264_15720.cpp">
      <Filter>소스 파일</Filter>
    </ClCompile>
    <ClCompile Include="0265_21313.cpp">
      <Filter>소스 파일</Filter>
    </ClCompile>
    <ClCompile Include="0266_20937.cpp">
      <Filter>소스 파일</Filter>
    </ClCompile>
    <ClCompile Include="0267_20937.cpp">
      <Filter>소스 파일</Filter>
    </ClCompile>
    <ClCompile Include="0268_16471.cpp">
      <Filter>소스 파일</Filter>
    </ClCompile>
    <ClCompile Include="0269_1817.cpp">
      <Filter>소스 파일</Filter>
    </ClCompile>
    <ClCompile Include="0270_12927.cpp">
      <Filter>소스 파일</Filter>
    </ClCompile>
    <ClCompile Include="0271_1439.cpp">
      <Filter>소스 파일</Filter>
    </ClCompile>
    <ClCompile Include="0272_1343.cpp">
      <Filter>소스 파일</Filter>
    </ClCompile>
    <ClCompile Include="0273_11508.cpp">
      <Filter>소스 파일</Filter>
    </ClCompile>
    <ClCompile Include="0274_19939.cpp">
      <Filter>소스 파일</Filter>
    </ClCompile>
    <ClCompile Include="0275_14469.cpp">
      <Filter>소스 파일</Filter>
    </ClCompile>
    <ClCompile Include="0276_17521.cpp">
      <Filter>소스 파일</Filter>
    </ClCompile>
    <ClCompile Include="0277_1417.cpp">
      <Filter>소스 파일</Filter>
    </ClCompile>
    <ClCompile Include="0278_12782.cpp">
      <Filter>소스 파일</Filter>
    </ClCompile>
    <ClCompile Include="0279_1373.cpp">
      <Filter>소스 파일</Filter>
    </ClCompile>
    <ClCompile Include="0280_1373.cpp">
      <Filter>소스 파일</Filter>
    </ClCompile>
    <ClCompile Include="0281_13300.cpp">
      <Filter>소스 파일</Filter>
    </ClCompile>
    <ClCompile Include="0282_14697.cpp">
      <Filter>소스 파일</Filter>
    </ClCompile>
    <ClCompile Include="0283_10822.cpp">
      <Filter>소스 파일</Filter>
    </ClCompile>
    <ClCompile Include="0284_5355.cpp">
      <Filter>소스 파일</Filter>
    </ClCompile>
    <ClCompile Include="0285_1408.cpp">
      <Filter>소스 파일</Filter>
    </ClCompile>
    <ClCompile Include="0286_6679.cpp">
      <Filter>소스 파일</Filter>
    </ClCompile>
    <ClCompile Include="0287_7572.cpp">
      <Filter>소스 파일</Filter>
    </ClCompile>
    <ClCompile Include="0288_2858.cpp">
      <Filter>소스 파일</Filter>
    </ClCompile>
    <ClCompile Include="0289_5054.cpp">
      <Filter>소스 파일</Filter>
    </ClCompile>
    <ClCompile Include="0289_10871.cpp">
      <Filter>소스 파일</Filter>
    </ClCompile>
    <ClCompile Include="0290_2163.cpp">
      <Filter>소스 파일</Filter>
    </ClCompile>
    <ClCompile Include="0291_2875.cpp">
      <Filter>소스 파일</Filter>
    </ClCompile>
    <ClCompile Include="0292_2455.cpp">
      <Filter>소스 파일</Filter>
    </ClCompile>
    <ClCompile Include="0293_2576.cpp">
      <Filter>소스 파일</Filter>
    </ClCompile>
    <ClCompile Include="0294_15953.cpp">
      <Filter>소스 파일</Filter>
    </ClCompile>
    <ClCompile Include="0295_2501.cpp">
      <Filter>소스 파일</Filter>
    </ClCompile>
    <ClCompile Include="0296_2953.cpp">
      <Filter>소스 파일</Filter>
    </ClCompile>
    <ClCompile Include="0297_2010.cpp">
      <Filter>소스 파일</Filter>
    </ClCompile>
    <ClCompile Include="0298_2355.cpp">
      <Filter>소스 파일</Filter>
    </ClCompile>
    <ClCompile Include="0299_4101.cpp">
      <Filter>소스 파일</Filter>
    </ClCompile>
    <ClCompile Include="0300_5565.cpp">
      <Filter>소스 파일</Filter>
    </ClCompile>
    <ClCompile Include="0301_2476.cpp">
      <Filter>소스 파일</Filter>
    </ClCompile>
    <ClCompile Include="0302_1267.cpp">
      <Filter>소스 파일</Filter>
    </ClCompile>
    <ClCompile Include="0303_2935.cpp">
      <Filter>소스 파일</Filter>
    </ClCompile>
    <ClCompile Include="0304_5063.cpp">
      <Filter>소스 파일</Filter>
    </ClCompile>
    <ClCompile Include="0305_10833.cpp">
      <Filter>소스 파일</Filter>
    </ClCompile>
    <ClCompile Include="0306_2506.cpp">
      <Filter>소스 파일</Filter>
    </ClCompile>
    <ClCompile Include="0307_2965.cpp">
      <Filter>소스 파일</Filter>
    </ClCompile>
    <ClCompile Include="0308_2903.cpp">
      <Filter>소스 파일</Filter>
    </ClCompile>
    <ClCompile Include="0309_2460.cpp">
      <Filter>소스 파일</Filter>
    </ClCompile>
    <ClCompile Include="0310_9325.cpp">
      <Filter>소스 파일</Filter>
    </ClCompile>
    <ClCompile Include="0311_10886.cpp">
      <Filter>소스 파일</Filter>
    </ClCompile>
    <ClCompile Include="0312_baseConvert.cpp">
      <Filter>소스 파일</Filter>
    </ClCompile>
    <ClCompile Include="0313_2745.cpp">
      <Filter>소스 파일</Filter>
    </ClCompile>
    <ClCompile Include="0314_3460.cpp">
      <Filter>소스 파일</Filter>
    </ClCompile>
    <ClCompile Include="0315_15719.cpp">
      <Filter>소스 파일</Filter>
    </ClCompile>
    <ClCompile Include="0316_2153.cpp">
      <Filter>소스 파일</Filter>
    </ClCompile>
    <ClCompile Include="0317_16676.cpp">
      <Filter>소스 파일</Filter>
    </ClCompile>
    <ClCompile Include="0318_16676.cpp">
      <Filter>소스 파일</Filter>
    </ClCompile>
    <ClCompile Include="0319_10823.cpp">
      <Filter>소스 파일</Filter>
    </ClCompile>
    <ClCompile Include="0320_1952.cpp">
      <Filter>소스 파일</Filter>
    </ClCompile>
    <ClCompile Include="0321_14888.cpp">
      <Filter>소스 파일</Filter>
    </ClCompile>
    <ClCompile Include="0322_14719.cpp">
      <Filter>소스 파일</Filter>
    </ClCompile>
    <ClCompile Include="0323_14719.cpp">
      <Filter>소스 파일</Filter>
    </ClCompile>
    <ClCompile Include="0324_1062.cpp">
      <Filter>소스 파일</Filter>
    </ClCompile>
    <ClCompile Include="0325_1700.cpp">
      <Filter>소스 파일</Filter>
    </ClCompile>
    <ClCompile Include="0326_1157.cpp">
      <Filter>소스 파일</Filter>
    </ClCompile>
    <ClCompile Include="0327_10808.cpp">
      <Filter>소스 파일</Filter>
    </ClCompile>
    <ClCompile Include="0328_2167.cpp">
      <Filter>소스 파일</Filter>
    </ClCompile>
    <ClCompile Include="0328_5373.cpp">
      <Filter>소스 파일</Filter>
    </ClCompile>
    <ClCompile Include="0329_1388.cpp">
      <Filter>소스 파일</Filter>
    </ClCompile>
    <ClCompile Include="0330_16173.cpp">
      <Filter>소스 파일</Filter>
    </ClCompile>
    <ClCompile Include="0331_3040.cpp">
      <Filter>소스 파일</Filter>
    </ClCompile>
    <ClCompile Include="0332_17626.cpp">
      <Filter>소스 파일</Filter>
    </ClCompile>
    <ClCompile Include="0333_1969.cpp">
      <Filter>소스 파일</Filter>
    </ClCompile>
    <ClCompile Include="0334_2422.cpp">
      <Filter>소스 파일</Filter>
    </ClCompile>
    <ClCompile Include="0335_5568.cpp">
      <Filter>소스 파일</Filter>
    </ClCompile>
    <ClCompile Include="0336_3053.cpp">
      <Filter>소스 파일</Filter>
    </ClCompile>
    <ClCompile Include="0337_3009.cpp">
      <Filter>소스 파일</Filter>
    </ClCompile>
    <ClCompile Include="0338_17478.cpp">
      <Filter>소스 파일</Filter>
    </ClCompile>
    <ClCompile Include="0339_2635.cpp">
      <Filter>소스 파일</Filter>
    </ClCompile>
    <ClCompile Include="0340_5073.cpp">
      <Filter>소스 파일</Filter>
    </ClCompile>
    <ClCompile Include="0341_10569.cpp">
      <Filter>소스 파일</Filter>
    </ClCompile>
    <ClCompile Include="0342_4690.cpp">
      <Filter>소스 파일</Filter>
    </ClCompile>
    <ClCompile Include="0343_1233.cpp">
      <Filter>소스 파일</Filter>
    </ClCompile>
    <ClCompile Include="0344_6502.cpp">
      <Filter>소스 파일</Filter>
    </ClCompile>
    <ClCompile Include="0345_9094.cpp">
      <Filter>소스 파일</Filter>
    </ClCompile>
    <ClCompile Include="0346_15633.cpp">
      <Filter>소스 파일</Filter>
    </ClCompile>
    <ClCompile Include="0347_6131.cpp">
      <Filter>소스 파일</Filter>
    </ClCompile>
    <ClCompile Include="0348_2503.cpp">
      <Filter>소스 파일</Filter>
    </ClCompile>
    <ClCompile Include="0349_18512.cpp">
      <Filter>소스 파일</Filter>
    </ClCompile>
    <ClCompile Include="0350_18868.cpp">
      <Filter>소스 파일</Filter>
    </ClCompile>
    <ClCompile Include="0351_15803.cpp">
      <Filter>소스 파일</Filter>
    </ClCompile>
    <ClCompile Include="0352_2303.cpp">
      <Filter>소스 파일</Filter>
    </ClCompile>
    <ClCompile Include="0353_1251.cpp">
      <Filter>소스 파일</Filter>
    </ClCompile>
    <ClCompile Include="0354_13410.cpp">
      <Filter>소스 파일</Filter>
    </ClCompile>
    <ClCompile Include="0355_5555.cpp">
      <Filter>소스 파일</Filter>
    </ClCompile>
    <ClCompile Include="0356_2386.cpp">
      <Filter>소스 파일</Filter>
    </ClCompile>
    <ClCompile Include="0357_2435.cpp">
      <Filter>소스 파일</Filter>
    </ClCompile>
    <ClCompile Include="0358_8892.cpp">
      <Filter>소스 파일</Filter>
    </ClCompile>
    <ClCompile Include="0359_2246.cpp">
      <Filter>소스 파일</Filter>
    </ClCompile>
  </ItemGroup>
</Project>